
Microsoft Visual Studio Solution File, Format Version 12.00
# Visual Studio 14
VisualStudioVersion = 14.0.25123.0
MinimumVisualStudioVersion = 10.0.40219.1
Project("{FAE04EC0-301F-11D3-BF4B-00C04F79EFBC}") = "AopCodeGeneration", "AopCodeGeneration\AopCodeGeneration.csproj", "{A538DF91-1F31-42E4-BFE1-F845846FA4A6}"
EndProject
Project("{FAE04EC0-301F-11D3-BF4B-00C04F79EFBC}") = "AopCodeGenerationTest", "AopCodeGenerationTest\AopCodeGenerationTest.csproj", "{7C0490F7-161C-46C5-97CF-A2BF221D3EAB}"
EndProject
Global
	GlobalSection(SolutionConfigurationPlatforms) = preSolution
		Debug|Any CPU = Debug|Any CPU
		Release|Any CPU = Release|Any CPU
	EndGlobalSection
	GlobalSection(ProjectConfigurationPlatforms) = postSolution
		{A538DF91-1F31-42E4-BFE1-F845846FA4A6}.Debug|Any CPU.ActiveCfg = Debug|Any CPU
		{A538DF91-1F31-42E4-BFE1-F845846FA4A6}.Debug|Any CPU.Build.0 = Debug|Any CPU
		{A538DF91-1F31-42E4-BFE1-F845846FA4A6}.Release|Any CPU.ActiveCfg = Release|Any CPU
		{A538DF91-1F31-42E4-BFE1-F845846FA4A6}.Release|Any CPU.Build.0 = Release|Any CPU
		{7C0490F7-161C-46C5-97CF-A2BF221D3EAB}.Debug|Any CPU.ActiveCfg = Debug|Any CPU
		{7C0490F7-161C-46C5-97CF-A2BF221D3EAB}.Debug|Any CPU.Build.0 = Debug|Any CPU
		{7C0490F7-161C-46C5-97CF-A2BF221D3EAB}.Release|Any CPU.ActiveCfg = Release|Any CPU
		{7C0490F7-161C-46C5-97CF-A2BF221D3EAB}.Release|Any CPU.Build.0 = Release|Any CPU
	EndGlobalSection
	GlobalSection(SolutionProperties) = preSolution
		HideSolutionNode = FALSE
	EndGlobalSection
EndGlobal
